// !$*UTF8*$!
{
	archiveVersion = 1;
	classes = {
	};
	objectVersion = 46;
	objects = {

/* Begin PBXBuildFile section */
		9D630A271B18D4BB00481121 /* LycModel.swift in Sources */ = {isa = PBXBuildFile; fileRef = 9D630A261B18D4BB00481121 /* LycModel.swift */; };
		9D6912321B10381000A0FE15 /* EkoImage.swift in Sources */ = {isa = PBXBuildFile; fileRef = 9D6912311B10381000A0FE15 /* EkoImage.swift */; };
		9D6912341B10400D00A0FE15 /* ChannelController.swift in Sources */ = {isa = PBXBuildFile; fileRef = 9D6912331B10400D00A0FE15 /* ChannelController.swift */; };
		9D69123C1B10442D00A0FE15 /* HttpController.swift in Sources */ = {isa = PBXBuildFile; fileRef = 9D69123B1B10442D00A0FE15 /* HttpController.swift */; };
		9DB6F4E41B0B73530055647A /* AppDelegate.swift in Sources */ = {isa = PBXBuildFile; fileRef = 9DB6F4E31B0B73530055647A /* AppDelegate.swift */; };
		9DB6F4E61B0B73530055647A /* ViewController.swift in Sources */ = {isa = PBXBuildFile; fileRef = 9DB6F4E51B0B73530055647A /* ViewController.swift */; };
		9DB6F4E91B0B73530055647A /* Main.storyboard in Resources */ = {isa = PBXBuildFile; fileRef = 9DB6F4E71B0B73530055647A /* Main.storyboard */; };
		9DB6F4EB1B0B73530055647A /* Images.xcassets in Resources */ = {isa = PBXBuildFile; fileRef = 9DB6F4EA1B0B73530055647A /* Images.xcassets */; };
		9DB6F4EE1B0B73530055647A /* LaunchScreen.xib in Resources */ = {isa = PBXBuildFile; fileRef = 9DB6F4EC1B0B73530055647A /* LaunchScreen.xib */; };
		9DB6F4FA1B0B73530055647A /* dbfmTests.swift in Sources */ = {isa = PBXBuildFile; fileRef = 9DB6F4F91B0B73530055647A /* dbfmTests.swift */; };
		9DD730851B13720200A2B855 /* Alamofire.swift in Sources */ = {isa = PBXBuildFile; fileRef = 9DD730821B13720200A2B855 /* Alamofire.swift */; };
		9DD730861B13720200A2B855 /* HRToast+UIView.swift in Sources */ = {isa = PBXBuildFile; fileRef = 9DD730831B13720200A2B855 /* HRToast+UIView.swift */; };
		9DD730871B13720200A2B855 /* SwiftyJSON.swift in Sources */ = {isa = PBXBuildFile; fileRef = 9DD730841B13720200A2B855 /* SwiftyJSON.swift */; };
		9DD730891B14B9D200A2B855 /* OrderButton.swift in Sources */ = {isa = PBXBuildFile; fileRef = 9DD730881B14B9D200A2B855 /* OrderButton.swift */; };
/* End PBXBuildFile section */

/* Begin PBXContainerItemProxy section */
		9DB6F4F41B0B73530055647A /* PBXContainerItemProxy */ = {
			isa = PBXContainerItemProxy;
			containerPortal = 9DB6F4D61B0B73530055647A /* Project object */;
			proxyType = 1;
			remoteGlobalIDString = 9DB6F4DD1B0B73530055647A;
			remoteInfo = dbfm;
		};
/* End PBXContainerItemProxy section */

/* Begin PBXFileReference section */
		9D630A251B18C72000481121 /* MyPlayground.playground */ = {isa = PBXFileReference; lastKnownFileType = file.playground; name = MyPlayground.playground; path = ../MyPlayground.playground; sourceTree = "<group>"; };
		9D630A261B18D4BB00481121 /* LycModel.swift */ = {isa = PBXFileReference; fileEncoding = 4; lastKnownFileType = sourcecode.swift; path = LycModel.swift; sourceTree = "<group>"; };
		9D6912311B10381000A0FE15 /* EkoImage.swift */ = {isa = PBXFileReference; fileEncoding = 4; lastKnownFileType = sourcecode.swift; path = EkoImage.swift; sourceTree = "<group>"; };
		9D6912331B10400D00A0FE15 /* ChannelController.swift */ = {isa = PBXFileReference; fileEncoding = 4; lastKnownFileType = sourcecode.swift; path = ChannelController.swift; sourceTree = "<group>"; };
		9D69123B1B10442D00A0FE15 /* HttpController.swift */ = {isa = PBXFileReference; fileEncoding = 4; lastKnownFileType = sourcecode.swift; path = HttpController.swift; sourceTree = "<group>"; };
		9DB6F4DE1B0B73530055647A /* dbfm.app */ = {isa = PBXFileReference; explicitFileType = wrapper.application; includeInIndex = 0; path = dbfm.app; sourceTree = BUILT_PRODUCTS_DIR; };
		9DB6F4E21B0B73530055647A /* Info.plist */ = {isa = PBXFileReference; lastKnownFileType = text.plist.xml; path = Info.plist; sourceTree = "<group>"; };
		9DB6F4E31B0B73530055647A /* AppDelegate.swift */ = {isa = PBXFileReference; lastKnownFileType = sourcecode.swift; path = AppDelegate.swift; sourceTree = "<group>"; };
		9DB6F4E51B0B73530055647A /* ViewController.swift */ = {isa = PBXFileReference; lastKnownFileType = sourcecode.swift; path = ViewController.swift; sourceTree = "<group>"; };
		9DB6F4E81B0B73530055647A /* Base */ = {isa = PBXFileReference; lastKnownFileType = file.storyboard; name = Base; path = Base.lproj/Main.storyboard; sourceTree = "<group>"; };
		9DB6F4EA1B0B73530055647A /* Images.xcassets */ = {isa = PBXFileReference; lastKnownFileType = folder.assetcatalog; path = Images.xcassets; sourceTree = "<group>"; };
		9DB6F4ED1B0B73530055647A /* Base */ = {isa = PBXFileReference; lastKnownFileType = file.xib; name = Base; path = Base.lproj/LaunchScreen.xib; sourceTree = "<group>"; };
		9DB6F4F31B0B73530055647A /* dbfmTests.xctest */ = {isa = PBXFileReference; explicitFileType = wrapper.cfbundle; includeInIndex = 0; path = dbfmTests.xctest; sourceTree = BUILT_PRODUCTS_DIR; };
		9DB6F4F81B0B73530055647A /* Info.plist */ = {isa = PBXFileReference; lastKnownFileType = text.plist.xml; path = Info.plist; sourceTree = "<group>"; };
		9DB6F4F91B0B73530055647A /* dbfmTests.swift */ = {isa = PBXFileReference; lastKnownFileType = sourcecode.swift; path = dbfmTests.swift; sourceTree = "<group>"; };
		9DD730821B13720200A2B855 /* Alamofire.swift */ = {isa = PBXFileReference; fileEncoding = 4; lastKnownFileType = sourcecode.swift; path = Alamofire.swift; sourceTree = "<group>"; };
		9DD730831B13720200A2B855 /* HRToast+UIView.swift */ = {isa = PBXFileReference; fileEncoding = 4; lastKnownFileType = sourcecode.swift; path = "HRToast+UIView.swift"; sourceTree = "<group>"; };
		9DD730841B13720200A2B855 /* SwiftyJSON.swift */ = {isa = PBXFileReference; fileEncoding = 4; lastKnownFileType = sourcecode.swift; path = SwiftyJSON.swift; sourceTree = "<group>"; };
		9DD730881B14B9D200A2B855 /* OrderButton.swift */ = {isa = PBXFileReference; fileEncoding = 4; lastKnownFileType = sourcecode.swift; path = OrderButton.swift; sourceTree = "<group>"; };
/* End PBXFileReference section */

/* Begin PBXFrameworksBuildPhase section */
		9DB6F4DB1B0B73530055647A /* Frameworks */ = {
			isa = PBXFrameworksBuildPhase;
			buildActionMask = 2147483647;
			files = (
			);
			runOnlyForDeploymentPostprocessing = 0;
		};
		9DB6F4F01B0B73530055647A /* Frameworks */ = {
			isa = PBXFrameworksBuildPhase;
			buildActionMask = 2147483647;
			files = (
			);
			runOnlyForDeploymentPostprocessing = 0;
		};
/* End PBXFrameworksBuildPhase section */

/* Begin PBXGroup section */
		9DB6F4D51B0B73530055647A = {
			isa = PBXGroup;
			children = (
				9DB6F4E01B0B73530055647A /* dbfm */,
				9DB6F4F61B0B73530055647A /* dbfmTests */,
				9DB6F4DF1B0B73530055647A /* Products */,
			);
			sourceTree = "<group>";
		};
		9DB6F4DF1B0B73530055647A /* Products */ = {
			isa = PBXGroup;
			children = (
				9DB6F4DE1B0B73530055647A /* dbfm.app */,
				9DB6F4F31B0B73530055647A /* dbfmTests.xctest */,
			);
			name = Products;
			sourceTree = "<group>";
		};
		9DB6F4E01B0B73530055647A /* dbfm */ = {
			isa = PBXGroup;
			children = (
				9D630A251B18C72000481121 /* MyPlayground.playground */,
				9DB6F4E31B0B73530055647A /* AppDelegate.swift */,
				9DB6F4E51B0B73530055647A /* ViewController.swift */,
				9D630A261B18D4BB00481121 /* LycModel.swift */,
				9DD730881B14B9D200A2B855 /* OrderButton.swift */,
				9D69123B1B10442D00A0FE15 /* HttpController.swift */,
				9DD730821B13720200A2B855 /* Alamofire.swift */,
				9DD730831B13720200A2B855 /* HRToast+UIView.swift */,
				9DD730841B13720200A2B855 /* SwiftyJSON.swift */,
				9DB6F4E71B0B73530055647A /* Main.storyboard */,
				9D6912331B10400D00A0FE15 /* ChannelController.swift */,
				9D6912311B10381000A0FE15 /* EkoImage.swift */,
				9DB6F4EA1B0B73530055647A /* Images.xcassets */,
				9DB6F4EC1B0B73530055647A /* LaunchScreen.xib */,
				9DB6F4E11B0B73530055647A /* Supporting Files */,
			);
			path = dbfm;
			sourceTree = "<group>";
		};
		9DB6F4E11B0B73530055647A /* Supporting Files */ = {
			isa = PBXGroup;
			children = (
				9DB6F4E21B0B73530055647A /* Info.plist */,
			);
			name = "Supporting Files";
			sourceTree = "<group>";
		};
		9DB6F4F61B0B73530055647A /* dbfmTests */ = {
			isa = PBXGroup;
			children = (
				9DB6F4F91B0B73530055647A /* dbfmTests.swift */,
				9DB6F4F71B0B73530055647A /* Supporting Files */,
			);
			path = dbfmTests;
			sourceTree = "<group>";
		};
		9DB6F4F71B0B73530055647A /* Supporting Files */ = {
			isa = PBXGroup;
			children = (
				9DB6F4F81B0B73530055647A /* Info.plist */,
			);
			name = "Supporting Files";
			sourceTree = "<group>";
		};
/* End PBXGroup section */

/* Begin PBXNativeTarget section */
		9DB6F4DD1B0B73530055647A /* dbfm */ = {
			isa = PBXNativeTarget;
			buildConfigurationList = 9DB6F4FD1B0B73530055647A /* Build configuration list for PBXNativeTarget "dbfm" */;
			buildPhases = (
				9DB6F4DA1B0B73530055647A /* Sources */,
				9DB6F4DB1B0B73530055647A /* Frameworks */,
				9DB6F4DC1B0B73530055647A /* Resources */,
			);
			buildRules = (
			);
			dependencies = (
			);
			name = dbfm;
			productName = dbfm;
			productReference = 9DB6F4DE1B0B73530055647A /* dbfm.app */;
			productType = "com.apple.product-type.application";
		};
		9DB6F4F21B0B73530055647A /* dbfmTests */ = {
			isa = PBXNativeTarget;
			buildConfigurationList = 9DB6F5001B0B73530055647A /* Build configuration list for PBXNativeTarget "dbfmTests" */;
			buildPhases = (
				9DB6F4EF1B0B73530055647A /* Sources */,
				9DB6F4F01B0B73530055647A /* Frameworks */,
				9DB6F4F11B0B73530055647A /* Resources */,
			);
			buildRules = (
			);
			dependencies = (
				9DB6F4F51B0B73530055647A /* PBXTargetDependency */,
			);
			name = dbfmTests;
			productName = dbfmTests;
			productReference = 9DB6F4F31B0B73530055647A /* dbfmTests.xctest */;
			productType = "com.apple.product-type.bundle.unit-test";
		};
/* End PBXNativeTarget section */

/* Begin PBXProject section */
		9DB6F4D61B0B73530055647A /* Project object */ = {
			isa = PBXProject;
			attributes = {
				LastUpgradeCheck = 0630;
				ORGANIZATIONNAME = tujiaw;
				TargetAttributes = {
					9DB6F4DD1B0B73530055647A = {
						CreatedOnToolsVersion = 6.3.1;
					};
					9DB6F4F21B0B73530055647A = {
						CreatedOnToolsVersion = 6.3.1;
						TestTargetID = 9DB6F4DD1B0B73530055647A;
					};
				};
			};
			buildConfigurationList = 9DB6F4D91B0B73530055647A /* Build configuration list for PBXProject "dbfm" */;
			compatibilityVersion = "Xcode 3.2";
			developmentRegion = English;
			hasScannedForEncodings = 0;
			knownRegions = (
				en,
				Base,
			);
			mainGroup = 9DB6F4D51B0B73530055647A;
			productRefGroup = 9DB6F4DF1B0B73530055647A /* Products */;
			projectDirPath = "";
			projectRoot = "";
			targets = (
				9DB6F4DD1B0B73530055647A /* dbfm */,
				9DB6F4F21B0B73530055647A /* dbfmTests */,
			);
		};
/* End PBXProject section */

/* Begin PBXResourcesBuildPhase section */
		9DB6F4DC1B0B73530055647A /* Resources */ = {
			isa = PBXResourcesBuildPhase;
			buildActionMask = 2147483647;
			files = (
				9DB6F4E91B0B73530055647A /* Main.storyboard in Resources */,
				9DB6F4EE1B0B73530055647A /* LaunchScreen.xib in Resources */,
				9DB6F4EB1B0B73530055647A /* Images.xcassets in Resources */,
			);
			runOnlyForDeploymentPostprocessing = 0;
		};
		9DB6F4F11B0B73530055647A /* Resources */ = {
			isa = PBXResourcesBuildPhase;
			buildActionMask = 2147483647;
			files = (
			);
			runOnlyForDeploymentPostprocessing = 0;
		};
/* End PBXResourcesBuildPhase section */

/* Begin PBXSourcesBuildPhase section */
		9DB6F4DA1B0B73530055647A /* Sources */ = {
			isa = PBXSourcesBuildPhase;
			buildActionMask = 2147483647;
			files = (
				9D630A271B18D4BB00481121 /* LycModel.swift in Sources */,
				9DD730851B13720200A2B855 /* Alamofire.swift in Sources */,
				9D6912321B10381000A0FE15 /* EkoImage.swift in Sources */,
				9D69123C1B10442D00A0FE15 /* HttpController.swift in Sources */,
				9DD730871B13720200A2B855 /* SwiftyJSON.swift in Sources */,
				9DD730891B14B9D200A2B855 /* OrderButton.swift in Sources */,
				9DB6F4E61B0B73530055647A /* ViewController.swift in Sources */,
				9DB6F4E41B0B73530055647A /* AppDelegate.swift in Sources */,
				9D6912341B10400D00A0FE15 /* ChannelController.swift in Sources */,
				9DD730861B13720200A2B855 /* HRToast+UIView.swift in Sources */,
			);
			runOnlyForDeploymentPostprocessing = 0;
		};
		9DB6F4EF1B0B73530055647A /* Sources */ = {
			isa = PBXSourcesBuildPhase;
			buildActionMask = 2147483647;
			files = (
				9DB6F4FA1B0B73530055647A /* dbfmTests.swift in Sources */,
			);
			runOnlyForDeploymentPostprocessing = 0;
		};
/* End PBXSourcesBuildPhase section */

/* Begin PBXTargetDependency section */
		9DB6F4F51B0B73530055647A /* PBXTargetDependency */ = {
			isa = PBXTargetDependency;
			target = 9DB6F4DD1B0B73530055647A /* dbfm */;
			targetProxy = 9DB6F4F41B0B73530055647A /* PBXContainerItemProxy */;
		};
/* End PBXTargetDependency section */

/* Begin PBXVariantGroup section */
		9DB6F4E71B0B73530055647A /* Main.storyboard */ = {
			isa = PBXVariantGroup;
			children = (
				9DB6F4E81B0B73530055647A /* Base */,
			);
			name = Main.storyboard;
			sourceTree = "<group>";
		};
		9DB6F4EC1B0B73530055647A /* LaunchScreen.xib */ = {
			isa = PBXVariantGroup;
			children = (
				9DB6F4ED1B0B73530055647A /* Base */,
			);
			name = LaunchScreen.xib;
			sourceTree = "<group>";
		};
/* End PBXVariantGroup section */

/* Begin XCBuildConfiguration section */
		9DB6F4FB1B0B73530055647A /* Debug */ = {
			isa = XCBuildConfiguration;
			buildSettings = {
				ALWAYS_SEARCH_USER_PATHS = NO;
				CLANG_CXX_LANGUAGE_STANDARD = "gnu++0x";
				CLANG_CXX_LIBRARY = "libc++";
				CLANG_ENABLE_MODULES = YES;
				CLANG_ENABLE_OBJC_ARC = YES;
				CLANG_WARN_BOOL_CONVERSION = YES;
				CLANG_WARN_CONSTANT_CONVERSION = YES;
				CLANG_WARN_DIRECT_OBJC_ISA_USAGE = YES_ERROR;
				CLANG_WARN_EMPTY_BODY = YES;
				CLANG_WARN_ENUM_CONVERSION = YES;
				CLANG_WARN_INT_CONVERSION = YES;
				CLANG_WARN_OBJC_ROOT_CLASS = YES_ERROR;
				CLANG_WARN_UNREACHABLE_CODE = YES;
				CLANG_WARN__DUPLICATE_METHOD_MATCH = YES;
				"CODE_SIGN_IDENTITY[sdk=iphoneos*]" = "iPhone Developer";
				COPY_PHASE_STRIP = NO;
				DEBUG_INFORMATION_FORMAT = "dwarf-with-dsym";
				ENABLE_STRICT_OBJC_MSGSEND = YES;
				GCC_C_LANGUAGE_STANDARD = gnu99;
				GCC_DYNAMIC_NO_PIC = NO;
				GCC_NO_COMMON_BLOCKS = YES;
				GCC_OPTIMIZATION_LEVEL = 0;
				GCC_PREPROCESSOR_DEFINITIONS = (
					"DEBUG=1",
					"$(inherited)",
				);
				GCC_SYMBOLS_PRIVATE_EXTERN = NO;
				GCC_WARN_64_TO_32_BIT_CONVERSION = YES;
				GCC_WARN_ABOUT_RETURN_TYPE = YES_ERROR;
				GCC_WARN_UNDECLARED_SELECTOR = YES;
				GCC_WARN_UNINITIALIZED_AUTOS = YES_AGGRESSIVE;
				GCC_WARN_UNUSED_FUNCTION = YES;
				GCC_WARN_UNUSED_VARIABLE = YES;
				IPHONEOS_DEPLOYMENT_TARGET = 8.3;
				MTL_ENABLE_DEBUG_INFO = YES;
				ONLY_ACTIVE_ARCH = YES;
				SDKROOT = iphoneos;
				SWIFT_OPTIMIZATION_LEVEL = "-Onone";
				TARGETED_DEVICE_FAMILY = "1,2";
			};
			name = Debug;
		};
		9DB6F4FC1B0B73530055647A /* Release */ = {
			isa = XCBuildConfiguration;
			buildSettings = {
				ALWAYS_SEARCH_USER_PATHS = NO;
				CLANG_CXX_LANGUAGE_STANDARD = "gnu++0x";
				CLANG_CXX_LIBRARY = "libc++";
				CLANG_ENABLE_MODULES = YES;
				CLANG_ENABLE_OBJC_ARC = YES;
				CLANG_WARN_BOOL_CONVERSION = YES;
				CLANG_WARN_CONSTANT_CONVERSION = YES;
				CLANG_WARN_DIRECT_OBJC_ISA_USAGE = YES_ERROR;
				CLANG_WARN_EMPTY_BODY = YES;
				CLANG_WARN_ENUM_CONVERSION = YES;
				CLANG_WARN_INT_CONVERSION = YES;
				CLANG_WARN_OBJC_ROOT_CLASS = YES_ERROR;
				CLANG_WARN_UNREACHABLE_CODE = YES;
				CLANG_WARN__DUPLICATE_METHOD_MATCH = YES;
				"CODE_SIGN_IDENTITY[sdk=iphoneos*]" = "iPhone Developer";
				COPY_PHASE_STRIP = NO;
				DEBUG_INFORMATION_FORMAT = "dwarf-with-dsym";
				ENABLE_NS_ASSERTIONS = NO;
				ENABLE_STRICT_OBJC_MSGSEND = YES;
				GCC_C_LANGUAGE_STANDARD = gnu99;
				GCC_NO_COMMON_BLOCKS = YES;
				GCC_WARN_64_TO_32_BIT_CONVERSION = YES;
				GCC_WARN_ABOUT_RETURN_TYPE = YES_ERROR;
				GCC_WARN_UNDECLARED_SELECTOR = YES;
				GCC_WARN_UNINITIALIZED_AUTOS = YES_AGGRESSIVE;
				GCC_WARN_UNUSED_FUNCTION = YES;
				GCC_WARN_UNUSED_VARIABLE = YES;
				IPHONEOS_DEPLOYMENT_TARGET = 8.3;
				MTL_ENABLE_DEBUG_INFO = NO;
				SDKROOT = iphoneos;
				TARGETED_DEVICE_FAMILY = "1,2";
				VALIDATE_PRODUCT = YES;
			};
			name = Release;
		};
		9DB6F4FE1B0B73530055647A /* Debug */ = {
			isa = XCBuildConfiguration;
			buildSettings = {
				ASSETCATALOG_COMPILER_APPICON_NAME = AppIcon;
				INFOPLIST_FILE = dbfm/Info.plist;
				LD_RUNPATH_SEARCH_PATHS = "$(inherited) @executable_path/Frameworks";
				PRODUCT_NAME = "$(TARGET_NAME)";
			};
			name = Debug;
		};
		9DB6F4FF1B0B73530055647A /* Release */ = {
			isa = XCBuildConfiguration;
			buildSettings = {
				ASSETCATALOG_COMPILER_APPICON_NAME = AppIcon;
				INFOPLIST_FILE = dbfm/Info.plist;
				LD_RUNPATH_SEARCH_PATHS = "$(inherited) @executable_path/Frameworks";
				PRODUCT_NAME = "$(TARGET_NAME)";
			};
			name = Release;
		};
		9DB6F5011B0B73530055647A /* Debug */ = {
			isa = XCBuildConfiguration;
			buildSettings = {
				BUNDLE_LOADER = "$(TEST_HOST)";
				FRAMEWORK_SEARCH_PATHS = (
					"$(SDKROOT)/Developer/Library/Frameworks",
					"$(inherited)",
				);
				GCC_PREPROCESSOR_DEFINITIONS = (
					"DEBUG=1",
					"$(inherited)",
				);
				INFOPLIST_FILE = dbfmTests/Info.plist;
				LD_RUNPATH_SEARCH_PATHS = "$(inherited) @executable_path/Frameworks @loader_path/Frameworks";
				PRODUCT_NAME = "$(TARGET_NAME)";
				TEST_HOST = "$(BUILT_PRODUCTS_DIR)/dbfm.app/dbfm";
			};
			name = Debug;
		};
		9DB6F5021B0B73530055647A /* Release */ = {
			isa = XCBuildConfiguration;
			buildSettings = {
				BUNDLE_LOADER = "$(TEST_HOST)";
				FRAMEWORK_SEARCH_PATHS = (
					"$(SDKROOT)/Developer/Library/Frameworks",
					"$(inherited)",
				);
				INFOPLIST_FILE = dbfmTests/Info.plist;
				LD_RUNPATH_SEARCH_PATHS = "$(inherited) @executable_path/Frameworks @loader_path/Frameworks";
				PRODUCT_NAME = "$(TARGET_NAME)";
				TEST_HOST = "$(BUILT_PRODUCTS_DIR)/dbfm.app/dbfm";
			};
			name = Release;
		};
/* End XCBuildConfiguration section */

/* Begin XCConfigurationList section */
		9DB6F4D91B0B73530055647A /* Build configuration list for PBXProject "dbfm" */ = {
			isa = XCConfigurationList;
			buildConfigurations = (
				9DB6F4FB1B0B73530055647A /* Debug */,
				9DB6F4FC1B0B73530055647A /* Release */,
			);
			defaultConfigurationIsVisible = 0;
			defaultConfigurationName = Release;
		};
		9DB6F4FD1B0B73530055647A /* Build configuration list for PBXNativeTarget "dbfm" */ = {
			isa = XCConfigurationList;
			buildConfigurations = (
				9DB6F4FE1B0B73530055647A /* Debug */,
				9DB6F4FF1B0B73530055647A /* Release */,
			);
			defaultConfigurationIsVisible = 0;
			defaultConfigurationName = Release;
		};
		9DB6F5001B0B73530055647A /* Build configuration list for PBXNativeTarget "dbfmTests" */ = {
			isa = XCConfigurationList;
			buildConfigurations = (
				9DB6F5011B0B73530055647A /* Debug */,
				9DB6F5021B0B73530055647A /* Release */,
			);
			defaultConfigurationIsVisible = 0;
			defaultConfigurationName = Release;
		};
/* End XCConfigurationList section */
	};
	rootObject = 9DB6F4D61B0B73530055647A /* Project object */;
}
